# THIS IS AN AUTOGENERATED FILE. DO NOT EDIT THIS FILE DIRECTLY.
# yarn lockfile v1


stripe@^20.4.1:
  version "20.4.1"
  resolved "https://registry.yarnpkg.com/stripe/-/stripe-20.4.1.tgz#547d8a22a97e85a239895f0ffe14de21d96f060a"
  integrity sha512-axCguHItc8Sxt0HC6aSkdVRPffjYPV7EQqZRb2GkIa8FzWDycE7nHJM19C6xAIynH1Qp1/BHiopSi96jGBxT0w==
